
Microsoft Visual Studio Solution File, Format Version 12.00
# Visual Studio Version 16
VisualStudioVersion = 16.0.30717.126
MinimumVisualStudioVersion = 10.0.40219.1
Project("{9A19103F-16F7-4668-BE54-9A1E7A4F7556}") = "Sales.Commands", "Sales.Commands\Sales.Commands.csproj", "{9D672E20-8E5F-44CA-9249-A86FB825E507}"
EndProject
Project("{2150E333-8FDC-42A3-9474-1A3956D46DE8}") = "Lib", "Lib", "{915271A2-A3BB-4BE6-9E77-50CFF5E06E79}"
EndProject
Project("{9A19103F-16F7-4668-BE54-9A1E7A4F7556}") = "Aeon.Domain", "Aeon.Domain\Aeon.Domain.csproj", "{E186A47B-DA7B-4DD3-B00D-668DB3E53757}"
EndProject
Project("{9A19103F-16F7-4668-BE54-9A1E7A4F7556}") = "Sales.Core", "Sales.Core\Sales.Core.csproj", "{64951983-2289-4EFB-A391-F9A4B8329CC7}"
EndProject
Project("{9A19103F-16F7-4668-BE54-9A1E7A4F7556}") = "Sales.Test", "Sales.Test\Sales.Test.csproj", "{2AE7FE7A-E87F-4BA0-9402-B12424BE24C5}"
EndProject
Project("{2150E333-8FDC-42A3-9474-1A3956D46DE8}") = "Infra", "Infra", "{A2D29540-241E-43C9-B40B-D726E4F11E18}"
EndProject
Project("{9A19103F-16F7-4668-BE54-9A1E7A4F7556}") = "Sales.Infra.DependencyInjection", "Sales.Infra.DependencyInjection\Sales.Infra.DependencyInjection.csproj", "{D6FA963D-9384-42B0-A37A-21556E9C3E7E}"
EndProject
Project("{9A19103F-16F7-4668-BE54-9A1E7A4F7556}") = "Sales.Application", "Sales.Applicaton\Sales.Application.csproj", "{E91D6109-60D9-4094-B561-85D00628AC06}"
EndProject
Project("{2150E333-8FDC-42A3-9474-1A3956D46DE8}") = "Domain", "Domain", "{A1BBE1BA-46F1-4C9E-8F4F-A305BA83FC9B}"
EndProject
Project("{2150E333-8FDC-42A3-9474-1A3956D46DE8}") = "Application", "Application", "{31D9435A-3527-47CF-B8B5-5C292B033ABA}"
EndProject
Project("{9A19103F-16F7-4668-BE54-9A1E7A4F7556}") = "Sales.Application.Core", "Sales.Application.Core\Sales.Application.Core.csproj", "{20B0D0BE-EADA-41F2-A7E5-72DCF4879356}"
EndProject
Project("{9A19103F-16F7-4668-BE54-9A1E7A4F7556}") = "Sales.Repository", "Sales.Repository\Sales.Repository.csproj", "{6E7782D8-8546-4B87-A89B-230D5D5B1DC0}"
EndProject
Project("{2150E333-8FDC-42A3-9474-1A3956D46DE8}") = "Data", "Data", "{13A0B596-D15C-4963-ADD9-5ECF3B904AB4}"
EndProject
Project("{9A19103F-16F7-4668-BE54-9A1E7A4F7556}") = "Aeon.Core", "Aeon.Core\Aeon.Core.csproj", "{D763763D-C003-45B1-A152-9A78051D1584}"
EndProject
Global
	GlobalSection(SolutionConfigurationPlatforms) = preSolution
		Debug|Any CPU = Debug|Any CPU
		Release|Any CPU = Release|Any CPU
	EndGlobalSection
	GlobalSection(ProjectConfigurationPlatforms) = postSolution
		{9D672E20-8E5F-44CA-9249-A86FB825E507}.Debug|Any CPU.ActiveCfg = Debug|Any CPU
		{9D672E20-8E5F-44CA-9249-A86FB825E507}.Debug|Any CPU.Build.0 = Debug|Any CPU
		{9D672E20-8E5F-44CA-9249-A86FB825E507}.Release|Any CPU.ActiveCfg = Release|Any CPU
		{9D672E20-8E5F-44CA-9249-A86FB825E507}.Release|Any CPU.Build.0 = Release|Any CPU
		{E186A47B-DA7B-4DD3-B00D-668DB3E53757}.Debug|Any CPU.ActiveCfg = Debug|Any CPU
		{E186A47B-DA7B-4DD3-B00D-668DB3E53757}.Debug|Any CPU.Build.0 = Debug|Any CPU
		{E186A47B-DA7B-4DD3-B00D-668DB3E53757}.Release|Any CPU.ActiveCfg = Release|Any CPU
		{E186A47B-DA7B-4DD3-B00D-668DB3E53757}.Release|Any CPU.Build.0 = Release|Any CPU
		{64951983-2289-4EFB-A391-F9A4B8329CC7}.Debug|Any CPU.ActiveCfg = Debug|Any CPU
		{64951983-2289-4EFB-A391-F9A4B8329CC7}.Debug|Any CPU.Build.0 = Debug|Any CPU
		{64951983-2289-4EFB-A391-F9A4B8329CC7}.Release|Any CPU.ActiveCfg = Release|Any CPU
		{64951983-2289-4EFB-A391-F9A4B8329CC7}.Release|Any CPU.Build.0 = Release|Any CPU
		{2AE7FE7A-E87F-4BA0-9402-B12424BE24C5}.Debug|Any CPU.ActiveCfg = Debug|Any CPU
		{2AE7FE7A-E87F-4BA0-9402-B12424BE24C5}.Debug|Any CPU.Build.0 = Debug|Any CPU
		{2AE7FE7A-E87F-4BA0-9402-B12424BE24C5}.Release|Any CPU.ActiveCfg = Release|Any CPU
		{2AE7FE7A-E87F-4BA0-9402-B12424BE24C5}.Release|Any CPU.Build.0 = Release|Any CPU
		{D6FA963D-9384-42B0-A37A-21556E9C3E7E}.Debug|Any CPU.ActiveCfg = Debug|Any CPU
		{D6FA963D-9384-42B0-A37A-21556E9C3E7E}.Debug|Any CPU.Build.0 = Debug|Any CPU
		{D6FA963D-9384-42B0-A37A-21556E9C3E7E}.Release|Any CPU.ActiveCfg = Release|Any CPU
		{D6FA963D-9384-42B0-A37A-21556E9C3E7E}.Release|Any CPU.Build.0 = Release|Any CPU
		{E91D6109-60D9-4094-B561-85D00628AC06}.Debug|Any CPU.ActiveCfg = Debug|Any CPU
		{E91D6109-60D9-4094-B561-85D00628AC06}.Debug|Any CPU.Build.0 = Debug|Any CPU
		{E91D6109-60D9-4094-B561-85D00628AC06}.Release|Any CPU.ActiveCfg = Release|Any CPU
		{E91D6109-60D9-4094-B561-85D00628AC06}.Release|Any CPU.Build.0 = Release|Any CPU
		{20B0D0BE-EADA-41F2-A7E5-72DCF4879356}.Debug|Any CPU.ActiveCfg = Debug|Any CPU
		{20B0D0BE-EADA-41F2-A7E5-72DCF4879356}.Debug|Any CPU.Build.0 = Debug|Any CPU
		{20B0D0BE-EADA-41F2-A7E5-72DCF4879356}.Release|Any CPU.ActiveCfg = Release|Any CPU
		{20B0D0BE-EADA-41F2-A7E5-72DCF4879356}.Release|Any CPU.Build.0 = Release|Any CPU
		{6E7782D8-8546-4B87-A89B-230D5D5B1DC0}.Debug|Any CPU.ActiveCfg = Debug|Any CPU
		{6E7782D8-8546-4B87-A89B-230D5D5B1DC0}.Debug|Any CPU.Build.0 = Debug|Any CPU
		{6E7782D8-8546-4B87-A89B-230D5D5B1DC0}.Release|Any CPU.ActiveCfg = Release|Any CPU
		{6E7782D8-8546-4B87-A89B-230D5D5B1DC0}.Release|Any CPU.Build.0 = Release|Any CPU
		{D763763D-C003-45B1-A152-9A78051D1584}.Debug|Any CPU.ActiveCfg = Debug|Any CPU
		{D763763D-C003-45B1-A152-9A78051D1584}.Debug|Any CPU.Build.0 = Debug|Any CPU
		{D763763D-C003-45B1-A152-9A78051D1584}.Release|Any CPU.ActiveCfg = Release|Any CPU
		{D763763D-C003-45B1-A152-9A78051D1584}.Release|Any CPU.Build.0 = Release|Any CPU
	EndGlobalSection
	GlobalSection(SolutionProperties) = preSolution
		HideSolutionNode = FALSE
	EndGlobalSection
	GlobalSection(NestedProjects) = preSolution
		{9D672E20-8E5F-44CA-9249-A86FB825E507} = {A1BBE1BA-46F1-4C9E-8F4F-A305BA83FC9B}
		{E186A47B-DA7B-4DD3-B00D-668DB3E53757} = {915271A2-A3BB-4BE6-9E77-50CFF5E06E79}
		{64951983-2289-4EFB-A391-F9A4B8329CC7} = {A1BBE1BA-46F1-4C9E-8F4F-A305BA83FC9B}
		{D6FA963D-9384-42B0-A37A-21556E9C3E7E} = {A2D29540-241E-43C9-B40B-D726E4F11E18}
		{E91D6109-60D9-4094-B561-85D00628AC06} = {31D9435A-3527-47CF-B8B5-5C292B033ABA}
		{20B0D0BE-EADA-41F2-A7E5-72DCF4879356} = {31D9435A-3527-47CF-B8B5-5C292B033ABA}
		{6E7782D8-8546-4B87-A89B-230D5D5B1DC0} = {13A0B596-D15C-4963-ADD9-5ECF3B904AB4}
		{D763763D-C003-45B1-A152-9A78051D1584} = {915271A2-A3BB-4BE6-9E77-50CFF5E06E79}
	EndGlobalSection
	GlobalSection(ExtensibilityGlobals) = postSolution
		SolutionGuid = {8C6BD188-1549-4D35-A8EA-32EEAD969D7F}
	EndGlobalSection
EndGlobal
